
Microsoft Visual Studio Solution File, Format Version 12.00
# Visual Studio Version 16
VisualStudioVersion = 16.0.31402.337
MinimumVisualStudioVersion = 10.0.40219.1
Project("{FAE04EC0-301F-11D3-BF4B-00C04F79EFBC}") = "EnumeratorsAndEnumerables3", "EnumeratorsAndEnumerables3\EnumeratorsAndEnumerables3.csproj", "{CAE599A6-F333-487F-8780-4DDC070AB62A}"
EndProject
Global
	GlobalSection(SolutionConfigurationPlatforms) = preSolution
		Debug|Any CPU = Debug|Any CPU
		Release|Any CPU = Release|Any CPU
	EndGlobalSection
	GlobalSection(ProjectConfigurationPlatforms) = postSolution
		{CAE599A6-F333-487F-8780-4DDC070AB62A}.Debug|Any CPU.ActiveCfg = Debug|Any CPU
		{CAE599A6-F333-487F-8780-4DDC070AB62A}.Debug|Any CPU.Build.0 = Debug|Any CPU
		{CAE599A6-F333-487F-8780-4DDC070AB62A}.Release|Any CPU.ActiveCfg = Release|Any CPU
		{CAE599A6-F333-487F-8780-4DDC070AB62A}.Release|Any CPU.Build.0 = Release|Any CPU
	EndGlobalSection
	GlobalSection(SolutionProperties) = preSolution
		HideSolutionNode = FALSE
	EndGlobalSection
	GlobalSection(ExtensibilityGlobals) = postSolution
		SolutionGuid = {870BB537-8C99-4B8B-A259-61A124F5F05F}
	EndGlobalSection
EndGlobal
